PODS:
  - AsyncTimeoutOperationQueue (0.4)

DEPENDENCIES:
  - AsyncTimeoutOperationQueue (from `../`)

EXTERNAL SOURCES:
  AsyncTimeoutOperationQueue:
    :path: "../"

SPEC CHECKSUMS:
  AsyncTimeoutOperationQueue: 2d431d40502bfd5273911d0237195701d4e6dea8

PODFILE CHECKSUM: a760aeec1b4d7d65e3320596711fc6ff7a5699af

COCOAPODS: 1.6.1
